
Microsoft Visual Studio Solution File, Format Version 12.00
# Visual Studio Version 17
VisualStudioVersion = 17.9.34723.18
MinimumVisualStudioVersion = 10.0.40219.1
Project("{FAE04EC0-301F-11D3-BF4B-00C04F79EFBC}") = "Inventario1.2", "Inventario1.2\Inventario1.2.csproj", "{59A2EC13-100F-4F51-907F-01882005CC53}"
EndProject
Global
	GlobalSection(SolutionConfigurationPlatforms) = preSolution
		Debug|Any CPU = Debug|Any CPU
		Release|Any CPU = Release|Any CPU
	EndGlobalSection
	GlobalSection(ProjectConfigurationPlatforms) = postSolution
		{59A2EC13-100F-4F51-907F-01882005CC53}.Debug|Any CPU.ActiveCfg = Debug|Any CPU
		{59A2EC13-100F-4F51-907F-01882005CC53}.Debug|Any CPU.Build.0 = Debug|Any CPU
		{59A2EC13-100F-4F51-907F-01882005CC53}.Release|Any CPU.ActiveCfg = Release|Any CPU
		{59A2EC13-100F-4F51-907F-01882005CC53}.Release|Any CPU.Build.0 = Release|Any CPU
	EndGlobalSection
	GlobalSection(SolutionProperties) = preSolution
		HideSolutionNode = FALSE
	EndGlobalSection
	GlobalSection(ExtensibilityGlobals) = postSolution
		SolutionGuid = {19FBFCFB-B065-4055-BDFF-6DFDCA19B2A0}
	EndGlobalSection
EndGlobal
